// !$*UTF8*$!
{
	archiveVersion = 1;
	classes = {
	};
	objectVersion = 50;
	objects = {

/* Begin PBXBuildFile section */
		421750FB22B7B2DE000A16FE /* NotificationService.m in Sources */ = {isa = PBXBuildFile; fileRef = 421750FA22B7B2DE000A16FE /* NotificationService.m */; };
		421750FF22B7B2DE000A16FE /* GIOEdemoServiceExtension.appex in Embed App Extensions */ = {isa = PBXBuildFile; fileRef = 421750F722B7B2DE000A16FE /* GIOEdemoServiceExtension.appex */; settings = {ATTRIBUTES = (RemoveHeadersOnCopy, ); }; };
		426E80E921F84AC300EFD42A /* main.m in Sources */ = {isa = PBXBuildFile; fileRef = 426E80E821F84AC300EFD42A /* main.m */; };
		426E810721FB200B00EFD42A /* GoodsModel.m in Sources */ = {isa = PBXBuildFile; fileRef = 426E810621FB200B00EFD42A /* GoodsModel.m */; };
		42F30CF921F0939300C4E6E9 /* AppDelegate.m in Sources */ = {isa = PBXBuildFile; fileRef = 42F30CF821F0939300C4E6E9 /* AppDelegate.m */; };
		42F30CFC21F0939300C4E6E9 /* ViewController.m in Sources */ = {isa = PBXBuildFile; fileRef = 42F30CFB21F0939300C4E6E9 /* ViewController.m */; };
		42F30CFF21F0939300C4E6E9 /* Main.storyboard in Resources */ = {isa = PBXBuildFile; fileRef = 42F30CFD21F0939300C4E6E9 /* Main.storyboard */; };
		42F30D0421F0939400C4E6E9 /* LaunchScreen.storyboard in Resources */ = {isa = PBXBuildFile; fileRef = 42F30D0221F0939400C4E6E9 /* LaunchScreen.storyboard */; };
		42F30D1121F0939400C4E6E9 /* GIOEdemoTests.m in Sources */ = {isa = PBXBuildFile; fileRef = 42F30D1021F0939400C4E6E9 /* GIOEdemoTests.m */; };
		42F30D1C21F0939400C4E6E9 /* GIOEdemoUITests.m in Sources */ = {isa = PBXBuildFile; fileRef = 42F30D1B21F0939400C4E6E9 /* GIOEdemoUITests.m */; };
		42F30D3521F093FF00C4E6E9 /* ShoppingCartController.m in Sources */ = {isa = PBXBuildFile; fileRef = 42F30D2A21F093FF00C4E6E9 /* ShoppingCartController.m */; };
		42F30D3621F093FF00C4E6E9 /* SearchViewController.m in Sources */ = {isa = PBXBuildFile; fileRef = 42F30D2C21F093FF00C4E6E9 /* SearchViewController.m */; };
		42F30D3721F093FF00C4E6E9 /* ShopingCartCell.m in Sources */ = {isa = PBXBuildFile; fileRef = 42F30D2D21F093FF00C4E6E9 /* ShopingCartCell.m */; };
		42F30D3821F093FF00C4E6E9 /* OrderController.m in Sources */ = {isa = PBXBuildFile; fileRef = 42F30D3221F093FF00C4E6E9 /* OrderController.m */; };
		42F30D3921F093FF00C4E6E9 /* PayResultController.m in Sources */ = {isa = PBXBuildFile; fileRef = 42F30D3321F093FF00C4E6E9 /* PayResultController.m */; };
		42F30D3A21F093FF00C4E6E9 /* UIViewController+GIOController.m in Sources */ = {isa = PBXBuildFile; fileRef = 42F30D3421F093FF00C4E6E9 /* UIViewController+GIOController.m */; };
		42F30D5421F0942E00C4E6E9 /* HomeCell.m in Sources */ = {isa = PBXBuildFile; fileRef = 42F30D3D21F0942D00C4E6E9 /* HomeCell.m */; };
		42F30D5521F0942E00C4E6E9 /* ClassifyController.m in Sources */ = {isa = PBXBuildFile; fileRef = 42F30D3F21F0942D00C4E6E9 /* ClassifyController.m */; };
		42F30D5621F0942E00C4E6E9 /* NewTabController.m in Sources */ = {isa = PBXBuildFile; fileRef = 42F30D4121F0942D00C4E6E9 /* NewTabController.m */; };
		42F30D5721F0942E00C4E6E9 /* LoopView.m in Sources */ = {isa = PBXBuildFile; fileRef = 42F30D4421F0942D00C4E6E9 /* LoopView.m */; };
		42F30D5921F0942E00C4E6E9 /* MineController.m in Sources */ = {isa = PBXBuildFile; fileRef = 42F30D4821F0942E00C4E6E9 /* MineController.m */; };
		42F30D5A21F0942E00C4E6E9 /* OrderCell.m in Sources */ = {isa = PBXBuildFile; fileRef = 42F30D4A21F0942E00C4E6E9 /* OrderCell.m */; };
		42F30D5B21F0942E00C4E6E9 /* HomeController.m in Sources */ = {isa = PBXBuildFile; fileRef = 42F30D4B21F0942E00C4E6E9 /* HomeController.m */; };
		42F30D5C21F0942E00C4E6E9 /* GoodsDetailController.m in Sources */ = {isa = PBXBuildFile; fileRef = 42F30D4C21F0942E00C4E6E9 /* GoodsDetailController.m */; };
		42F30D5D21F0942E00C4E6E9 /* CashierDeskController.m in Sources */ = {isa = PBXBuildFile; fileRef = 42F30D4E21F0942E00C4E6E9 /* CashierDeskController.m */; };
		42F30D5E21F0942E00C4E6E9 /* JudgeController.m in Sources */ = {isa = PBXBuildFile; fileRef = 42F30D5021F0942E00C4E6E9 /* JudgeController.m */; };
		42F30D5F21F0942E00C4E6E9 /* CheckOrderController.m in Sources */ = {isa = PBXBuildFile; fileRef = 42F30D5221F0942E00C4E6E9 /* CheckOrderController.m */; };
		42F30D6121F0946100C4E6E9 /* Assets.xcassets in Resources */ = {isa = PBXBuildFile; fileRef = 42F30D6021F0946100C4E6E9 /* Assets.xcassets */; };
		88B480BA66B477CAC7E7F035 /* libPods-GIOEdemoServiceExtension.a in Frameworks */ = {isa = PBXBuildFile; fileRef = 530583EF6C9C99920320F83E /* libPods-GIOEdemoServiceExtension.a */; };
		F1C988FD77D58C40C10D06B8 /* libPods-GIOEdemo.a in Frameworks */ = {isa = PBXBuildFile; fileRef = 83DE3A29974D82DE55705D86 /* libPods-GIOEdemo.a */; };
/* End PBXBuildFile section */

/* Begin PBXContainerItemProxy section */
		421750FD22B7B2DE000A16FE /* PBXContainerItemProxy */ = {
			isa = PBXContainerItemProxy;
			containerPortal = 42F30CEC21F0939300C4E6E9 /* Project object */;
			proxyType = 1;
			remoteGlobalIDString = 421750F622B7B2DE000A16FE;
			remoteInfo = GIOEdemoServiceExtension;
		};
		42F30D0D21F0939400C4E6E9 /* PBXContainerItemProxy */ = {
			isa = PBXContainerItemProxy;
			containerPortal = 42F30CEC21F0939300C4E6E9 /* Project object */;
			proxyType = 1;
			remoteGlobalIDString = 42F30CF321F0939300C4E6E9;
			remoteInfo = GIOEdemo;
		};
		42F30D1821F0939400C4E6E9 /* PBXContainerItemProxy */ = {
			isa = PBXContainerItemProxy;
			containerPortal = 42F30CEC21F0939300C4E6E9 /* Project object */;
			proxyType = 1;
			remoteGlobalIDString = 42F30CF321F0939300C4E6E9;
			remoteInfo = GIOEdemo;
		};
/* End PBXContainerItemProxy section */

/* Begin PBXCopyFilesBuildPhase section */
		4217510322B7B2DE000A16FE /* Embed App Extensions */ = {
			isa = PBXCopyFilesBuildPhase;
			buildActionMask = 2147483647;
			dstPath = "";
			dstSubfolderSpec = 13;
			files = (
				421750FF22B7B2DE000A16FE /* GIOEdemoServiceExtension.appex in Embed App Extensions */,
			);
			name = "Embed App Extensions";
			runOnlyForDeploymentPostprocessing = 0;
		};
/* End PBXCopyFilesBuildPhase section */

/* Begin PBXFileReference section */
		42072C6822E883FC0039A7BF /* libicucore.tbd */ = {isa = PBXFileReference; lastKnownFileType = "sourcecode.text-based-dylib-definition"; name = libicucore.tbd; path = usr/lib/libicucore.tbd; sourceTree = SDKROOT; };
		421750F222B7AFF4000A16FE /* GIOEdemo.entitlements */ = {isa = PBXFileReference; lastKnownFileType = text.plist.entitlements; path = GIOEdemo.entitlements; sourceTree = "<group>"; };
		421750F722B7B2DE000A16FE /* GIOEdemoServiceExtension.appex */ = {isa = PBXFileReference; explicitFileType = "wrapper.app-extension"; includeInIndex = 0; path = GIOEdemoServiceExtension.appex; sourceTree = BUILT_PRODUCTS_DIR; };
		421750F922B7B2DE000A16FE /* NotificationService.h */ = {isa = PBXFileReference; lastKnownFileType = sourcecode.c.h; path = NotificationService.h; sourceTree = "<group>"; };
		421750FA22B7B2DE000A16FE /* NotificationService.m */ = {isa = PBXFileReference; lastKnownFileType = sourcecode.c.objc; path = NotificationService.m; sourceTree = "<group>"; };
		421750FC22B7B2DE000A16FE /* Info.plist */ = {isa = PBXFileReference; lastKnownFileType = text.plist.xml; path = Info.plist; sourceTree = "<group>"; };
		4217510822B7B336000A16FE /* GIOEdemoServiceExtension.entitlements */ = {isa = PBXFileReference; lastKnownFileType = text.plist.entitlements; path = GIOEdemoServiceExtension.entitlements; sourceTree = "<group>"; };
		426E80E821F84AC300EFD42A /* main.m */ = {isa = PBXFileReference; fileEncoding = 4; lastKnownFileType = sourcecode.c.objc; path = main.m; sourceTree = "<group>"; };
		426E810521FB200B00EFD42A /* GoodsModel.h */ = {isa = PBXFileReference; fileEncoding = 4; lastKnownFileType = sourcecode.c.h; path = GoodsModel.h; sourceTree = "<group>"; };
		426E810621FB200B00EFD42A /* GoodsModel.m */ = {isa = PBXFileReference; fileEncoding = 4; lastKnownFileType = sourcecode.c.objc; path = GoodsModel.m; sourceTree = "<group>"; };
		42F30CF421F0939300C4E6E9 /* GIOEdemo.app */ = {isa = PBXFileReference; explicitFileType = wrapper.application; includeInIndex = 0; path = GIOEdemo.app; sourceTree = BUILT_PRODUCTS_DIR; };
		42F30CF721F0939300C4E6E9 /* AppDelegate.h */ = {isa = PBXFileReference; lastKnownFileType = sourcecode.c.h; path = AppDelegate.h; sourceTree = "<group>"; };
		42F30CF821F0939300C4E6E9 /* AppDelegate.m */ = {isa = PBXFileReference; lastKnownFileType = sourcecode.c.objc; path = AppDelegate.m; sourceTree = "<group>"; };
		42F30CFA21F0939300C4E6E9 /* ViewController.h */ = {isa = PBXFileReference; lastKnownFileType = sourcecode.c.h; path = ViewController.h; sourceTree = "<group>"; };
		42F30CFB21F0939300C4E6E9 /* ViewController.m */ = {isa = PBXFileReference; lastKnownFileType = sourcecode.c.objc; path = ViewController.m; sourceTree = "<group>"; };
		42F30CFE21F0939300C4E6E9 /* Base */ = {isa = PBXFileReference; lastKnownFileType = file.storyboard; name = Base; path = Base.lproj/Main.storyboard; sourceTree = "<group>"; };
		42F30D0321F0939400C4E6E9 /* Base */ = {isa = PBXFileReference; lastKnownFileType = file.storyboard; name = Base; path = Base.lproj/LaunchScreen.storyboard; sourceTree = "<group>"; };
		42F30D0521F0939400C4E6E9 /* Info.plist */ = {isa = PBXFileReference; lastKnownFileType = text.plist.xml; path = Info.plist; sourceTree = "<group>"; };
		42F30D0C21F0939400C4E6E9 /* GIOEdemoTests.xctest */ = {isa = PBXFileReference; explicitFileType = wrapper.cfbundle; includeInIndex = 0; path = GIOEdemoTests.xctest; sourceTree = BUILT_PRODUCTS_DIR; };
		42F30D1021F0939400C4E6E9 /* GIOEdemoTests.m */ = {isa = PBXFileReference; lastKnownFileType = sourcecode.c.objc; path = GIOEdemoTests.m; sourceTree = "<group>"; };
		42F30D1221F0939400C4E6E9 /* Info.plist */ = {isa = PBXFileReference; lastKnownFileType = text.plist.xml; path = Info.plist; sourceTree = "<group>"; };
		42F30D1721F0939400C4E6E9 /* GIOEdemoUITests.xctest */ = {isa = PBXFileReference; explicitFileType = wrapper.cfbundle; includeInIndex = 0; path = GIOEdemoUITests.xctest; sourceTree = BUILT_PRODUCTS_DIR; };
		42F30D1B21F0939400C4E6E9 /* GIOEdemoUITests.m */ = {isa = PBXFileReference; lastKnownFileType = sourcecode.c.objc; path = GIOEdemoUITests.m; sourceTree = "<group>"; };
		42F30D1D21F0939400C4E6E9 /* Info.plist */ = {isa = PBXFileReference; lastKnownFileType = text.plist.xml; path = Info.plist; sourceTree = "<group>"; };
		42F30D2921F093FF00C4E6E9 /* ShopingCartCell.h */ = {isa = PBXFileReference; fileEncoding = 4; lastKnownFileType = sourcecode.c.h; path = ShopingCartCell.h; sourceTree = "<group>"; };
		42F30D2A21F093FF00C4E6E9 /* ShoppingCartController.m */ = {isa = PBXFileReference; fileEncoding = 4; lastKnownFileType = sourcecode.c.objc; path = ShoppingCartController.m; sourceTree = "<group>"; };
		42F30D2B21F093FF00C4E6E9 /* PayResultController.h */ = {isa = PBXFileReference; fileEncoding = 4; lastKnownFileType = sourcecode.c.h; path = PayResultController.h; sourceTree = "<group>"; };
		42F30D2C21F093FF00C4E6E9 /* SearchViewController.m */ = {isa = PBXFileReference; fileEncoding = 4; lastKnownFileType = sourcecode.c.objc; path = SearchViewController.m; sourceTree = "<group>"; };
		42F30D2D21F093FF00C4E6E9 /* ShopingCartCell.m */ = {isa = PBXFileReference; fileEncoding = 4; lastKnownFileType = sourcecode.c.objc; path = ShopingCartCell.m; sourceTree = "<group>"; };
		42F30D2E21F093FF00C4E6E9 /* UIViewController+GIOController.h */ = {isa = PBXFileReference; fileEncoding = 4; lastKnownFileType = sourcecode.c.h; path = "UIViewController+GIOController.h"; sourceTree = "<group>"; };
		42F30D2F21F093FF00C4E6E9 /* OrderController.h */ = {isa = PBXFileReference; fileEncoding = 4; lastKnownFileType = sourcecode.c.h; path = OrderController.h; sourceTree = "<group>"; };
		42F30D3021F093FF00C4E6E9 /* SearchViewController.h */ = {isa = PBXFileReference; fileEncoding = 4; lastKnownFileType = sourcecode.c.h; path = SearchViewController.h; sourceTree = "<group>"; };
		42F30D3121F093FF00C4E6E9 /* ShoppingCartController.h */ = {isa = PBXFileReference; fileEncoding = 4; lastKnownFileType = sourcecode.c.h; path = ShoppingCartController.h; sourceTree = "<group>"; };
		42F30D3221F093FF00C4E6E9 /* OrderController.m */ = {isa = PBXFileReference; fileEncoding = 4; lastKnownFileType = sourcecode.c.objc; path = OrderController.m; sourceTree = "<group>"; };
		42F30D3321F093FF00C4E6E9 /* PayResultController.m */ = {isa = PBXFileReference; fileEncoding = 4; lastKnownFileType = sourcecode.c.objc; path = PayResultController.m; sourceTree = "<group>"; };
		42F30D3421F093FF00C4E6E9 /* UIViewController+GIOController.m */ = {isa = PBXFileReference; fileEncoding = 4; lastKnownFileType = sourcecode.c.objc; path = "UIViewController+GIOController.m"; sourceTree = "<group>"; };
		42F30D3C21F0942D00C4E6E9 /* JudgeController.h */ = {isa = PBXFileReference; fileEncoding = 4; lastKnownFileType = sourcecode.c.h; path = JudgeController.h; sourceTree = "<group>"; };
		42F30D3D21F0942D00C4E6E9 /* HomeCell.m */ = {isa = PBXFileReference; fileEncoding = 4; lastKnownFileType = sourcecode.c.objc; path = HomeCell.m; sourceTree = "<group>"; };
		42F30D3E21F0942D00C4E6E9 /* NewTabController.h */ = {isa = PBXFileReference; fileEncoding = 4; lastKnownFileType = sourcecode.c.h; path = NewTabController.h; sourceTree = "<group>"; };
		42F30D3F21F0942D00C4E6E9 /* ClassifyController.m */ = {isa = PBXFileReference; fileEncoding = 4; lastKnownFileType = sourcecode.c.objc; path = ClassifyController.m; sourceTree = "<group>"; };
		42F30D4021F0942D00C4E6E9 /* ClassifyController.h */ = {isa = PBXFileReference; fileEncoding = 4; lastKnownFileType = sourcecode.c.h; path = ClassifyController.h; sourceTree = "<group>"; };
		42F30D4121F0942D00C4E6E9 /* NewTabController.m */ = {isa = PBXFileReference; fileEncoding = 4; lastKnownFileType = sourcecode.c.objc; path = NewTabController.m; sourceTree = "<group>"; };
		42F30D4221F0942D00C4E6E9 /* HomeCell.h */ = {isa = PBXFileReference; fileEncoding = 4; lastKnownFileType = sourcecode.c.h; path = HomeCell.h; sourceTree = "<group>"; };
		42F30D4321F0942D00C4E6E9 /* LoopView.h */ = {isa = PBXFileReference; fileEncoding = 4; lastKnownFileType = sourcecode.c.h; path = LoopView.h; sourceTree = "<group>"; };
		42F30D4421F0942D00C4E6E9 /* LoopView.m */ = {isa = PBXFileReference; fileEncoding = 4; lastKnownFileType = sourcecode.c.objc; path = LoopView.m; sourceTree = "<group>"; };
		42F30D4521F0942D00C4E6E9 /* CheckOrderController.h */ = {isa = PBXFileReference; fileEncoding = 4; lastKnownFileType = sourcecode.c.h; path = CheckOrderController.h; sourceTree = "<group>"; };
		42F30D4721F0942D00C4E6E9 /* MineController.h */ = {isa = PBXFileReference; fileEncoding = 4; lastKnownFileType = sourcecode.c.h; path = MineController.h; sourceTree = "<group>"; };
		42F30D4821F0942E00C4E6E9 /* MineController.m */ = {isa = PBXFileReference; fileEncoding = 4; lastKnownFileType = sourcecode.c.objc; path = MineController.m; sourceTree = "<group>"; };
		42F30D4921F0942E00C4E6E9 /* OrderCell.h */ = {isa = PBXFileReference; fileEncoding = 4; lastKnownFileType = sourcecode.c.h; path = OrderCell.h; sourceTree = "<group>"; };
		42F30D4A21F0942E00C4E6E9 /* OrderCell.m */ = {isa = PBXFileReference; fileEncoding = 4; lastKnownFileType = sourcecode.c.objc; path = OrderCell.m; sourceTree = "<group>"; };
		42F30D4B21F0942E00C4E6E9 /* HomeController.m */ = {isa = PBXFileReference; fileEncoding = 4; lastKnownFileType = sourcecode.c.objc; path = HomeController.m; sourceTree = "<group>"; };
		42F30D4C21F0942E00C4E6E9 /* GoodsDetailController.m */ = {isa = PBXFileReference; fileEncoding = 4; lastKnownFileType = sourcecode.c.objc; path = GoodsDetailController.m; sourceTree = "<group>"; };
		42F30D4D21F0942E00C4E6E9 /* HomeController.h */ = {isa = PBXFileReference; fileEncoding = 4; lastKnownFileType = sourcecode.c.h; path = HomeController.h; sourceTree = "<group>"; };
		42F30D4E21F0942E00C4E6E9 /* CashierDeskController.m */ = {isa = PBXFileReference; fileEncoding = 4; lastKnownFileType = sourcecode.c.objc; path = CashierDeskController.m; sourceTree = "<group>"; };
		42F30D4F21F0942E00C4E6E9 /* GoodsDetailController.h */ = {isa = PBXFileReference; fileEncoding = 4; lastKnownFileType = sourcecode.c.h; path = GoodsDetailController.h; sourceTree = "<group>"; };
		42F30D5021F0942E00C4E6E9 /* JudgeController.m */ = {isa = PBXFileReference; fileEncoding = 4; lastKnownFileType = sourcecode.c.objc; path = JudgeController.m; sourceTree = "<group>"; };
		42F30D5121F0942E00C4E6E9 /* CashierDeskController.h */ = {isa = PBXFileReference; fileEncoding = 4; lastKnownFileType = sourcecode.c.h; path = CashierDeskController.h; sourceTree = "<group>"; };
		42F30D5221F0942E00C4E6E9 /* CheckOrderController.m */ = {isa = PBXFileReference; fileEncoding = 4; lastKnownFileType = sourcecode.c.objc; path = CheckOrderController.m; sourceTree = "<group>"; };
		42F30D6021F0946100C4E6E9 /* Assets.xcassets */ = {isa = PBXFileReference; lastKnownFileType = folder.assetcatalog; path = Assets.xcassets; sourceTree = "<group>"; };
		530583EF6C9C99920320F83E /* libPods-GIOEdemoServiceExtension.a */ = {isa = PBXFileReference; explicitFileType = archive.ar; includeInIndex = 0; path = "libPods-GIOEdemoServiceExtension.a"; sourceTree = BUILT_PRODUCTS_DIR; };
		83DE3A29974D82DE55705D86 /* libPods-GIOEdemo.a */ = {isa = PBXFileReference; explicitFileType = archive.ar; includeInIndex = 0; path = "libPods-GIOEdemo.a"; sourceTree = BUILT_PRODUCTS_DIR; };
		BC8781D9E90F60F596005742 /* Pods-GIOEdemoServiceExtension.release.xcconfig */ = {isa = PBXFileReference; includeInIndex = 1; lastKnownFileType = text.xcconfig; name = "Pods-GIOEdemoServiceExtension.release.xcconfig"; path = "Target Support Files/Pods-GIOEdemoServiceExtension/Pods-GIOEdemoServiceExtension.release.xcconfig"; sourceTree = "<group>"; };
		C30F89EDB07E3664BE6649CE /* Pods-GIOEdemoServiceExtension.debug.xcconfig */ = {isa = PBXFileReference; includeInIndex = 1; lastKnownFileType = text.xcconfig; name = "Pods-GIOEdemoServiceExtension.debug.xcconfig"; path = "Target Support Files/Pods-GIOEdemoServiceExtension/Pods-GIOEdemoServiceExtension.debug.xcconfig"; sourceTree = "<group>"; };
		DE45B8AB08300A4382E158F0 /* Pods-GIOEdemo.debug.xcconfig */ = {isa = PBXFileReference; includeInIndex = 1; lastKnownFileType = text.xcconfig; name = "Pods-GIOEdemo.debug.xcconfig"; path = "Target Support Files/Pods-GIOEdemo/Pods-GIOEdemo.debug.xcconfig"; sourceTree = "<group>"; };
		FCB92E0828E114881938B28D /* Pods-GIOEdemo.release.xcconfig */ = {isa = PBXFileReference; includeInIndex = 1; lastKnownFileType = text.xcconfig; name = "Pods-GIOEdemo.release.xcconfig"; path = "Target Support Files/Pods-GIOEdemo/Pods-GIOEdemo.release.xcconfig"; sourceTree = "<group>"; };
/* End PBXFileReference section */

/* Begin PBXFrameworksBuildPhase section */
		421750F422B7B2DE000A16FE /* Frameworks */ = {
			isa = PBXFrameworksBuildPhase;
			buildActionMask = 2147483647;
			files = (
				88B480BA66B477CAC7E7F035 /* libPods-GIOEdemoServiceExtension.a in Frameworks */,
			);
			runOnlyForDeploymentPostprocessing = 0;
		};
		42F30CF121F0939300C4E6E9 /* Frameworks */ = {
			isa = PBXFrameworksBuildPhase;
			buildActionMask = 2147483647;
			files = (
				F1C988FD77D58C40C10D06B8 /* libPods-GIOEdemo.a in Frameworks */,
			);
			runOnlyForDeploymentPostprocessing = 0;
		};
		42F30D0921F0939400C4E6E9 /* Frameworks */ = {
			isa = PBXFrameworksBuildPhase;
			buildActionMask = 2147483647;
			files = (
			);
			runOnlyForDeploymentPostprocessing = 0;
		};
		42F30D1421F0939400C4E6E9 /* Frameworks */ = {
			isa = PBXFrameworksBuildPhase;
			buildActionMask = 2147483647;
			files = (
			);
			runOnlyForDeploymentPostprocessing = 0;
		};
/* End PBXFrameworksBuildPhase section */

/* Begin PBXGroup section */
		421750F822B7B2DE000A16FE /* GIOEdemoServiceExtension */ = {
			isa = PBXGroup;
			children = (
				4217510822B7B336000A16FE /* GIOEdemoServiceExtension.entitlements */,
				421750F922B7B2DE000A16FE /* NotificationService.h */,
				421750FA22B7B2DE000A16FE /* NotificationService.m */,
				421750FC22B7B2DE000A16FE /* Info.plist */,
			);
			path = GIOEdemoServiceExtension;
			sourceTree = "<group>";
		};
		42F30CEB21F0939300C4E6E9 = {
			isa = PBXGroup;
			children = (
				42F30CF621F0939300C4E6E9 /* GIOEdemo */,
				42F30D0F21F0939400C4E6E9 /* GIOEdemoTests */,
				42F30D1A21F0939400C4E6E9 /* GIOEdemoUITests */,
				421750F822B7B2DE000A16FE /* GIOEdemoServiceExtension */,
				42F30CF521F0939300C4E6E9 /* Products */,
				42F30D6621F0955A00C4E6E9 /* Frameworks */,
				95153C8D6835E19A16DE0630 /* Pods */,
			);
			sourceTree = "<group>";
		};
		42F30CF521F0939300C4E6E9 /* Products */ = {
			isa = PBXGroup;
			children = (
				42F30CF421F0939300C4E6E9 /* GIOEdemo.app */,
				42F30D0C21F0939400C4E6E9 /* GIOEdemoTests.xctest */,
				42F30D1721F0939400C4E6E9 /* GIOEdemoUITests.xctest */,
				421750F722B7B2DE000A16FE /* GIOEdemoServiceExtension.appex */,
			);
			name = Products;
			sourceTree = "<group>";
		};
		42F30CF621F0939300C4E6E9 /* GIOEdemo */ = {
			isa = PBXGroup;
			children = (
				421750F222B7AFF4000A16FE /* GIOEdemo.entitlements */,
				426E810521FB200B00EFD42A /* GoodsModel.h */,
				426E810621FB200B00EFD42A /* GoodsModel.m */,
				42F30D2F21F093FF00C4E6E9 /* OrderController.h */,
				42F30D5121F0942E00C4E6E9 /* CashierDeskController.h */,
				42F30D4E21F0942E00C4E6E9 /* CashierDeskController.m */,
				42F30D4521F0942D00C4E6E9 /* CheckOrderController.h */,
				42F30D5221F0942E00C4E6E9 /* CheckOrderController.m */,
				42F30D4021F0942D00C4E6E9 /* ClassifyController.h */,
				42F30D3F21F0942D00C4E6E9 /* ClassifyController.m */,
				42F30D4F21F0942E00C4E6E9 /* GoodsDetailController.h */,
				42F30D4C21F0942E00C4E6E9 /* GoodsDetailController.m */,
				42F30D4221F0942D00C4E6E9 /* HomeCell.h */,
				42F30D3D21F0942D00C4E6E9 /* HomeCell.m */,
				42F30D4D21F0942E00C4E6E9 /* HomeController.h */,
				42F30D4B21F0942E00C4E6E9 /* HomeController.m */,
				42F30D3C21F0942D00C4E6E9 /* JudgeController.h */,
				42F30D5021F0942E00C4E6E9 /* JudgeController.m */,
				42F30D4321F0942D00C4E6E9 /* LoopView.h */,
				42F30D4421F0942D00C4E6E9 /* LoopView.m */,
				426E80E821F84AC300EFD42A /* main.m */,
				42F30D4721F0942D00C4E6E9 /* MineController.h */,
				42F30D3E21F0942D00C4E6E9 /* NewTabController.h */,
				42F30D4121F0942D00C4E6E9 /* NewTabController.m */,
				42F30D4921F0942E00C4E6E9 /* OrderCell.h */,
				42F30D4A21F0942E00C4E6E9 /* OrderCell.m */,
				42F30D3221F093FF00C4E6E9 /* OrderController.m */,
				42F30D2B21F093FF00C4E6E9 /* PayResultController.h */,
				42F30D3321F093FF00C4E6E9 /* PayResultController.m */,
				42F30D3021F093FF00C4E6E9 /* SearchViewController.h */,
				42F30D2C21F093FF00C4E6E9 /* SearchViewController.m */,
				42F30D2921F093FF00C4E6E9 /* ShopingCartCell.h */,
				42F30D2D21F093FF00C4E6E9 /* ShopingCartCell.m */,
				42F30D3121F093FF00C4E6E9 /* ShoppingCartController.h */,
				42F30D4821F0942E00C4E6E9 /* MineController.m */,
				42F30D2A21F093FF00C4E6E9 /* ShoppingCartController.m */,
				42F30D2E21F093FF00C4E6E9 /* UIViewController+GIOController.h */,
				42F30D3421F093FF00C4E6E9 /* UIViewController+GIOController.m */,
				42F30CF721F0939300C4E6E9 /* AppDelegate.h */,
				42F30CF821F0939300C4E6E9 /* AppDelegate.m */,
				42F30CFA21F0939300C4E6E9 /* ViewController.h */,
				42F30CFB21F0939300C4E6E9 /* ViewController.m */,
				42F30D6021F0946100C4E6E9 /* Assets.xcassets */,
				42F30CFD21F0939300C4E6E9 /* Main.storyboard */,
				42F30D0221F0939400C4E6E9 /* LaunchScreen.storyboard */,
				42F30D0521F0939400C4E6E9 /* Info.plist */,
			);
			path = GIOEdemo;
			sourceTree = "<group>";
		};
		42F30D0F21F0939400C4E6E9 /* GIOEdemoTests */ = {
			isa = PBXGroup;
			children = (
				42F30D1021F0939400C4E6E9 /* GIOEdemoTests.m */,
				42F30D1221F0939400C4E6E9 /* Info.plist */,
			);
			path = GIOEdemoTests;
			sourceTree = "<group>";
		};
		42F30D1A21F0939400C4E6E9 /* GIOEdemoUITests */ = {
			isa = PBXGroup;
			children = (
				42F30D1B21F0939400C4E6E9 /* GIOEdemoUITests.m */,
				42F30D1D21F0939400C4E6E9 /* Info.plist */,
			);
			path = GIOEdemoUITests;
			sourceTree = "<group>";
		};
		42F30D6621F0955A00C4E6E9 /* Frameworks */ = {
			isa = PBXGroup;
			children = (
				42072C6822E883FC0039A7BF /* libicucore.tbd */,
				83DE3A29974D82DE55705D86 /* libPods-GIOEdemo.a */,
				530583EF6C9C99920320F83E /* libPods-GIOEdemoServiceExtension.a */,
			);
			name = Frameworks;
			sourceTree = "<group>";
		};
		95153C8D6835E19A16DE0630 /* Pods */ = {
			isa = PBXGroup;
			children = (
				DE45B8AB08300A4382E158F0 /* Pods-GIOEdemo.debug.xcconfig */,
				FCB92E0828E114881938B28D /* Pods-GIOEdemo.release.xcconfig */,
				C30F89EDB07E3664BE6649CE /* Pods-GIOEdemoServiceExtension.debug.xcconfig */,
				BC8781D9E90F60F596005742 /* Pods-GIOEdemoServiceExtension.release.xcconfig */,
			);
			path = Pods;
			sourceTree = "<group>";
		};
/* End PBXGroup section */

/* Begin PBXNativeTarget section */
		421750F622B7B2DE000A16FE /* GIOEdemoServiceExtension */ = {
			isa = PBXNativeTarget;
			buildConfigurationList = 4217510022B7B2DE000A16FE /* Build configuration list for PBXNativeTarget "GIOEdemoServiceExtension" */;
			buildPhases = (
				6C9B95DF029925986C0F5D74 /* [CP] Check Pods Manifest.lock */,
				421750F322B7B2DE000A16FE /* Sources */,
				421750F422B7B2DE000A16FE /* Frameworks */,
				421750F522B7B2DE000A16FE /* Resources */,
			);
			buildRules = (
			);
			dependencies = (
			);
			name = GIOEdemoServiceExtension;
			productName = GIOEdemoServiceExtension;
			productReference = 421750F722B7B2DE000A16FE /* GIOEdemoServiceExtension.appex */;
			productType = "com.apple.product-type.app-extension";
		};
		42F30CF321F0939300C4E6E9 /* GIOEdemo */ = {
			isa = PBXNativeTarget;
			buildConfigurationList = 42F30D2021F0939400C4E6E9 /* Build configuration list for PBXNativeTarget "GIOEdemo" */;
			buildPhases = (
				C50134347034BF361EA0BD0A /* [CP] Check Pods Manifest.lock */,
				42F30CF021F0939300C4E6E9 /* Sources */,
				42F30CF121F0939300C4E6E9 /* Frameworks */,
				42F30CF221F0939300C4E6E9 /* Resources */,
				4217510322B7B2DE000A16FE /* Embed App Extensions */,
			);
			buildRules = (
			);
			dependencies = (
				421750FE22B7B2DE000A16FE /* PBXTargetDependency */,
			);
			name = GIOEdemo;
			productName = GIOEdemo;
			productReference = 42F30CF421F0939300C4E6E9 /* GIOEdemo.app */;
			productType = "com.apple.product-type.application";
		};
		42F30D0B21F0939400C4E6E9 /* GIOEdemoTests */ = {
			isa = PBXNativeTarget;
			buildConfigurationList = 42F30D2321F0939400C4E6E9 /* Build configuration list for PBXNativeTarget "GIOEdemoTests" */;
			buildPhases = (
				42F30D0821F0939400C4E6E9 /* Sources */,
				42F30D0921F0939400C4E6E9 /* Frameworks */,
				42F30D0A21F0939400C4E6E9 /* Resources */,
			);
			buildRules = (
			);
			dependencies = (
				42F30D0E21F0939400C4E6E9 /* PBXTargetDependency */,
			);
			name = GIOEdemoTests;
			productName = GIOEdemoTests;
			productReference = 42F30D0C21F0939400C4E6E9 /* GIOEdemoTests.xctest */;
			productType = "com.apple.product-type.bundle.unit-test";
		};
		42F30D1621F0939400C4E6E9 /* GIOEdemoUITests */ = {
			isa = PBXNativeTarget;
			buildConfigurationList = 42F30D2621F0939400C4E6E9 /* Build configuration list for PBXNativeTarget "GIOEdemoUITests" */;
			buildPhases = (
				42F30D1321F0939400C4E6E9 /* Sources */,
				42F30D1421F0939400C4E6E9 /* Frameworks */,
				42F30D1521F0939400C4E6E9 /* Resources */,
			);
			buildRules = (
			);
			dependencies = (
				42F30D1921F0939400C4E6E9 /* PBXTargetDependency */,
			);
			name = GIOEdemoUITests;
			productName = GIOEdemoUITests;
			productReference = 42F30D1721F0939400C4E6E9 /* GIOEdemoUITests.xctest */;
			productType = "com.apple.product-type.bundle.ui-testing";
		};
/* End PBXNativeTarget section */

/* Begin PBXProject section */
		42F30CEC21F0939300C4E6E9 /* Project object */ = {
			isa = PBXProject;
			attributes = {
				LastUpgradeCheck = 1010;
				ORGANIZATIONNAME = M;
				TargetAttributes = {
					421750F622B7B2DE000A16FE = {
						CreatedOnToolsVersion = 10.2.1;
						SystemCapabilities = {
							com.apple.Push = {
								enabled = 1;
							};
							com.apple.VPNLite = {
								enabled = 0;
							};
						};
					};
					42F30CF321F0939300C4E6E9 = {
						CreatedOnToolsVersion = 10.1;
						SystemCapabilities = {
							com.apple.BackgroundModes = {
								enabled = 1;
							};
							com.apple.Push = {
								enabled = 1;
							};
						};
					};
					42F30D0B21F0939400C4E6E9 = {
						CreatedOnToolsVersion = 10.1;
						TestTargetID = 42F30CF321F0939300C4E6E9;
					};
					42F30D1621F0939400C4E6E9 = {
						CreatedOnToolsVersion = 10.1;
						TestTargetID = 42F30CF321F0939300C4E6E9;
					};
				};
			};
			buildConfigurationList = 42F30CEF21F0939300C4E6E9 /* Build configuration list for PBXProject "GIOEdemo" */;
			compatibilityVersion = "Xcode 9.3";
			developmentRegion = en;
			hasScannedForEncodings = 0;
			knownRegions = (
				en,
				Base,
			);
			mainGroup = 42F30CEB21F0939300C4E6E9;
			productRefGroup = 42F30CF521F0939300C4E6E9 /* Products */;
			projectDirPath = "";
			projectRoot = "";
			targets = (
				42F30CF321F0939300C4E6E9 /* GIOEdemo */,
				42F30D0B21F0939400C4E6E9 /* GIOEdemoTests */,
				42F30D1621F0939400C4E6E9 /* GIOEdemoUITests */,
				421750F622B7B2DE000A16FE /* GIOEdemoServiceExtension */,
			);
		};
/* End PBXProject section */

/* Begin PBXResourcesBuildPhase section */
		421750F522B7B2DE000A16FE /* Resources */ = {
			isa = PBXResourcesBuildPhase;
			buildActionMask = 2147483647;
			files = (
			);
			runOnlyForDeploymentPostprocessing = 0;
		};
		42F30CF221F0939300C4E6E9 /* Resources */ = {
			isa = PBXResourcesBuildPhase;
			buildActionMask = 2147483647;
			files = (
				42F30D0421F0939400C4E6E9 /* LaunchScreen.storyboard in Resources */,
				42F30D6121F0946100C4E6E9 /* Assets.xcassets in Resources */,
				42F30CFF21F0939300C4E6E9 /* Main.storyboard in Resources */,
			);
			runOnlyForDeploymentPostprocessing = 0;
		};
		42F30D0A21F0939400C4E6E9 /* Resources */ = {
			isa = PBXResourcesBuildPhase;
			buildActionMask = 2147483647;
			files = (
			);
			runOnlyForDeploymentPostprocessing = 0;
		};
		42F30D1521F0939400C4E6E9 /* Resources */ = {
			isa = PBXResourcesBuildPhase;
			buildActionMask = 2147483647;
			files = (
			);
			runOnlyForDeploymentPostprocessing = 0;
		};
/* End PBXResourcesBuildPhase section */

/* Begin PBXShellScriptBuildPhase section */
		6C9B95DF029925986C0F5D74 /* [CP] Check Pods Manifest.lock */ = {
			isa = PBXShellScriptBuildPhase;
			buildActionMask = 2147483647;
			files = (
			);
			inputFileListPaths = (
			);
			inputPaths = (
				"${PODS_PODFILE_DIR_PATH}/Podfile.lock",
				"${PODS_ROOT}/Manifest.lock",
			);
			name = "[CP] Check Pods Manifest.lock";
			outputFileListPaths = (
			);
			outputPaths = (
				"$(DERIVED_FILE_DIR)/Pods-GIOEdemoServiceExtension-checkManifestLockResult.txt",
			);
			runOnlyForDeploymentPostprocessing = 0;
			shellPath = /bin/sh;
			shellScript = "diff \"${PODS_PODFILE_DIR_PATH}/Podfile.lock\" \"${PODS_ROOT}/Manifest.lock\" > /dev/null\nif [ $? != 0 ] ; then\n    # print error to STDERR\n    echo \"error: The sandbox is not in sync with the Podfile.lock. Run 'pod install' or update your CocoaPods installation.\" >&2\n    exit 1\nfi\n# This output is used by Xcode 'outputs' to avoid re-running this script phase.\necho \"SUCCESS\" > \"${SCRIPT_OUTPUT_FILE_0}\"\n";
			showEnvVarsInLog = 0;
		};
		C50134347034BF361EA0BD0A /* [CP] Check Pods Manifest.lock */ = {
			isa = PBXShellScriptBuildPhase;
			buildActionMask = 2147483647;
			files = (
			);
			inputFileListPaths = (
			);
			inputPaths = (
				"${PODS_PODFILE_DIR_PATH}/Podfile.lock",
				"${PODS_ROOT}/Manifest.lock",
			);
			name = "[CP] Check Pods Manifest.lock";
			outputFileListPaths = (
			);
			outputPaths = (
				"$(DERIVED_FILE_DIR)/Pods-GIOEdemo-checkManifestLockResult.txt",
			);
			runOnlyForDeploymentPostprocessing = 0;
			shellPath = /bin/sh;
			shellScript = "diff \"${PODS_PODFILE_DIR_PATH}/Podfile.lock\" \"${PODS_ROOT}/Manifest.lock\" > /dev/null\nif [ $? != 0 ] ; then\n    # print error to STDERR\n    echo \"error: The sandbox is not in sync with the Podfile.lock. Run 'pod install' or update your CocoaPods installation.\" >&2\n    exit 1\nfi\n# This output is used by Xcode 'outputs' to avoid re-running this script phase.\necho \"SUCCESS\" > \"${SCRIPT_OUTPUT_FILE_0}\"\n";
			showEnvVarsInLog = 0;
		};
/* End PBXShellScriptBuildPhase section */

/* Begin PBXSourcesBuildPhase section */
		421750F322B7B2DE000A16FE /* Sources */ = {
			isa = PBXSourcesBuildPhase;
			buildActionMask = 2147483647;
			files = (
				421750FB22B7B2DE000A16FE /* NotificationService.m in Sources */,
			);
			runOnlyForDeploymentPostprocessing = 0;
		};
		42F30CF021F0939300C4E6E9 /* Sources */ = {
			isa = PBXSourcesBuildPhase;
			buildActionMask = 2147483647;
			files = (
				42F30D3A21F093FF00C4E6E9 /* UIViewController+GIOController.m in Sources */,
				42F30CFC21F0939300C4E6E9 /* ViewController.m in Sources */,
				42F30D5A21F0942E00C4E6E9 /* OrderCell.m in Sources */,
				42F30D5621F0942E00C4E6E9 /* NewTabController.m in Sources */,
				42F30D5421F0942E00C4E6E9 /* HomeCell.m in Sources */,
				42F30D3521F093FF00C4E6E9 /* ShoppingCartController.m in Sources */,
				42F30D3621F093FF00C4E6E9 /* SearchViewController.m in Sources */,
				42F30D5C21F0942E00C4E6E9 /* GoodsDetailController.m in Sources */,
				426E810721FB200B00EFD42A /* GoodsModel.m in Sources */,
				42F30D3821F093FF00C4E6E9 /* OrderController.m in Sources */,
				42F30D5F21F0942E00C4E6E9 /* CheckOrderController.m in Sources */,
				42F30D3921F093FF00C4E6E9 /* PayResultController.m in Sources */,
				42F30D5E21F0942E00C4E6E9 /* JudgeController.m in Sources */,
				42F30D3721F093FF00C4E6E9 /* ShopingCartCell.m in Sources */,
				42F30D5D21F0942E00C4E6E9 /* CashierDeskController.m in Sources */,
				42F30CF921F0939300C4E6E9 /* AppDelegate.m in Sources */,
				42F30D5B21F0942E00C4E6E9 /* HomeController.m in Sources */,
				42F30D5721F0942E00C4E6E9 /* LoopView.m in Sources */,
				42F30D5921F0942E00C4E6E9 /* MineController.m in Sources */,
				426E80E921F84AC300EFD42A /* main.m in Sources */,
				42F30D5521F0942E00C4E6E9 /* ClassifyController.m in Sources */,
			);
			runOnlyForDeploymentPostprocessing = 0;
		};
		42F30D0821F0939400C4E6E9 /* Sources */ = {
			isa = PBXSourcesBuildPhase;
			buildActionMask = 2147483647;
			files = (
				42F30D1121F0939400C4E6E9 /* GIOEdemoTests.m in Sources */,
			);
			runOnlyForDeploymentPostprocessing = 0;
		};
		42F30D1321F0939400C4E6E9 /* Sources */ = {
			isa = PBXSourcesBuildPhase;
			buildActionMask = 2147483647;
			files = (
				42F30D1C21F0939400C4E6E9 /* GIOEdemoUITests.m in Sources */,
			);
			runOnlyForDeploymentPostprocessing = 0;
		};
/* End PBXSourcesBuildPhase section */

/* Begin PBXTargetDependency section */
		421750FE22B7B2DE000A16FE /* PBXTargetDependency */ = {
			isa = PBXTargetDependency;
			target = 421750F622B7B2DE000A16FE /* GIOEdemoServiceExtension */;
			targetProxy = 421750FD22B7B2DE000A16FE /* PBXContainerItemProxy */;
		};
		42F30D0E21F0939400C4E6E9 /* PBXTargetDependency */ = {
			isa = PBXTargetDependency;
			target = 42F30CF321F0939300C4E6E9 /* GIOEdemo */;
			targetProxy = 42F30D0D21F0939400C4E6E9 /* PBXContainerItemProxy */;
		};
		42F30D1921F0939400C4E6E9 /* PBXTargetDependency */ = {
			isa = PBXTargetDependency;
			target = 42F30CF321F0939300C4E6E9 /* GIOEdemo */;
			targetProxy = 42F30D1821F0939400C4E6E9 /* PBXContainerItemProxy */;
		};
/* End PBXTargetDependency section */

/* Begin PBXVariantGroup section */
		42F30CFD21F0939300C4E6E9 /* Main.storyboard */ = {
			isa = PBXVariantGroup;
			children = (
				42F30CFE21F0939300C4E6E9 /* Base */,
			);
			name = Main.storyboard;
			sourceTree = "<group>";
		};
		42F30D0221F0939400C4E6E9 /* LaunchScreen.storyboard */ = {
			isa = PBXVariantGroup;
			children = (
				42F30D0321F0939400C4E6E9 /* Base */,
			);
			name = LaunchScreen.storyboard;
			sourceTree = "<group>";
		};
/* End PBXVariantGroup section */

/* Begin XCBuildConfiguration section */
		4217510122B7B2DE000A16FE /* Debug */ = {
			isa = XCBuildConfiguration;
			baseConfigurationReference = C30F89EDB07E3664BE6649CE /* Pods-GIOEdemoServiceExtension.debug.xcconfig */;
			buildSettings = {
				CODE_SIGN_ENTITLEMENTS = GIOEdemoServiceExtension/GIOEdemoServiceExtension.entitlements;
				CODE_SIGN_STYLE = Automatic;
				DEVELOPMENT_TEAM = SXBU677CPT;
				ENABLE_BITCODE = NO;
				FRAMEWORK_SEARCH_PATHS = (
					"$(inherited)",
					"$(PROJECT_DIR)/GIOEdemoServiceExtension",
					"$(PROJECT_DIR)/Pods/GrowingAutoTrackKit/GrowingAutoTrackKit",
					"$(PROJECT_DIR)/GIOEdemo",
				);
				INFOPLIST_FILE = GIOEdemoServiceExtension/Info.plist;
				IPHONEOS_DEPLOYMENT_TARGET = 12.2;
				LD_RUNPATH_SEARCH_PATHS = (
					"$(inherited)",
					"@executable_path/Frameworks",
					"@executable_path/../../Frameworks",
				);
				PRODUCT_BUNDLE_IDENTIFIER = com.gio.growingiodemo.GIOEdemoServiceExtension;
				PRODUCT_NAME = "$(TARGET_NAME)";
				SKIP_INSTALL = YES;
				TARGETED_DEVICE_FAMILY = "1,2";
			};
			name = Debug;
		};
		4217510222B7B2DE000A16FE /* Release */ = {
			isa = XCBuildConfiguration;
			baseConfigurationReference = BC8781D9E90F60F596005742 /* Pods-GIOEdemoServiceExtension.release.xcconfig */;
			buildSettings = {
				CODE_SIGN_ENTITLEMENTS = GIOEdemoServiceExtension/GIOEdemoServiceExtension.entitlements;
				CODE_SIGN_STYLE = Automatic;
				DEVELOPMENT_TEAM = SXBU677CPT;
				ENABLE_BITCODE = NO;
				FRAMEWORK_SEARCH_PATHS = (
					"$(inherited)",
					"$(PROJECT_DIR)/GIOEdemoServiceExtension",
					"$(PROJECT_DIR)/Pods/GrowingAutoTrackKit/GrowingAutoTrackKit",
					"$(PROJECT_DIR)/GIOEdemo",
				);
				INFOPLIST_FILE = GIOEdemoServiceExtension/Info.plist;
				IPHONEOS_DEPLOYMENT_TARGET = 12.2;
				LD_RUNPATH_SEARCH_PATHS = (
					"$(inherited)",
					"@executable_path/Frameworks",
					"@executable_path/../../Frameworks",
				);
				PRODUCT_BUNDLE_IDENTIFIER = com.gio.growingiodemo.GIOEdemoServiceExtension;
				PRODUCT_NAME = "$(TARGET_NAME)";
				SKIP_INSTALL = YES;
				TARGETED_DEVICE_FAMILY = "1,2";
			};
			name = Release;
		};
		42F30D1E21F0939400C4E6E9 /* Debug */ = {
			isa = XCBuildConfiguration;
			buildSettings = {
				ALWAYS_SEARCH_USER_PATHS = NO;
				CLANG_ANALYZER_NONNULL = YES;
				CLANG_ANALYZER_NUMBER_OBJECT_CONVERSION = YES_AGGRESSIVE;
				CLANG_CXX_LANGUAGE_STANDARD = "gnu++14";
				CLANG_CXX_LIBRARY = "libc++";
				CLANG_ENABLE_MODULES = YES;
				CLANG_ENABLE_OBJC_ARC = YES;
				CLANG_ENABLE_OBJC_WEAK = YES;
				CLANG_WARN_BLOCK_CAPTURE_AUTORELEASING = YES;
				CLANG_WARN_BOOL_CONVERSION = YES;
				CLANG_WARN_COMMA = YES;
				CLANG_WARN_CONSTANT_CONVERSION = YES;
				CLANG_WARN_DEPRECATED_OBJC_IMPLEMENTATIONS = YES;
				CLANG_WARN_DIRECT_OBJC_ISA_USAGE = YES_ERROR;
				CLANG_WARN_DOCUMENTATION_COMMENTS = YES;
				CLANG_WARN_EMPTY_BODY = YES;
				CLANG_WARN_ENUM_CONVERSION = YES;
				CLANG_WARN_INFINITE_RECURSION = YES;
				CLANG_WARN_INT_CONVERSION = YES;
				CLANG_WARN_NON_LITERAL_NULL_CONVERSION = YES;
				CLANG_WARN_OBJC_IMPLICIT_RETAIN_SELF = YES;
				CLANG_WARN_OBJC_LITERAL_CONVERSION = YES;
				CLANG_WARN_OBJC_ROOT_CLASS = YES_ERROR;
				CLANG_WARN_RANGE_LOOP_ANALYSIS = YES;
				CLANG_WARN_STRICT_PROTOTYPES = YES;
				CLANG_WARN_SUSPICIOUS_MOVE = YES;
				CLANG_WARN_UNGUARDED_AVAILABILITY = YES_AGGRESSIVE;
				CLANG_WARN_UNREACHABLE_CODE = YES;
				CLANG_WARN__DUPLICATE_METHOD_MATCH = YES;
				CODE_SIGN_IDENTITY = "iPhone Developer";
				COPY_PHASE_STRIP = NO;
				DEBUG_INFORMATION_FORMAT = dwarf;
				ENABLE_STRICT_OBJC_MSGSEND = YES;
				ENABLE_TESTABILITY = YES;
				GCC_C_LANGUAGE_STANDARD = gnu11;
				GCC_DYNAMIC_NO_PIC = NO;
				GCC_NO_COMMON_BLOCKS = YES;
				GCC_OPTIMIZATION_LEVEL = 0;
				GCC_PREPROCESSOR_DEFINITIONS = (
					"DEBUG=1",
					"$(inherited)",
				);
				GCC_WARN_64_TO_32_BIT_CONVERSION = YES;
				GCC_WARN_ABOUT_RETURN_TYPE = YES_ERROR;
				GCC_WARN_UNDECLARED_SELECTOR = YES;
				GCC_WARN_UNINITIALIZED_AUTOS = YES_AGGRESSIVE;
				GCC_WARN_UNUSED_FUNCTION = YES;
				GCC_WARN_UNUSED_VARIABLE = YES;
				IPHONEOS_DEPLOYMENT_TARGET = 9.0;
				MTL_ENABLE_DEBUG_INFO = INCLUDE_SOURCE;
				MTL_FAST_MATH = YES;
				ONLY_ACTIVE_ARCH = YES;
				SDKROOT = iphoneos;
			};
			name = Debug;
		};
		42F30D1F21F0939400C4E6E9 /* Release */ = {
			isa = XCBuildConfiguration;
			buildSettings = {
				ALWAYS_SEARCH_USER_PATHS = NO;
				CLANG_ANALYZER_NONNULL = YES;
				CLANG_ANALYZER_NUMBER_OBJECT_CONVERSION = YES_AGGRESSIVE;
				CLANG_CXX_LANGUAGE_STANDARD = "gnu++14";
				CLANG_CXX_LIBRARY = "libc++";
				CLANG_ENABLE_MODULES = YES;
				CLANG_ENABLE_OBJC_ARC = YES;
				CLANG_ENABLE_OBJC_WEAK = YES;
				CLANG_WARN_BLOCK_CAPTURE_AUTORELEASING = YES;
				CLANG_WARN_BOOL_CONVERSION = YES;
				CLANG_WARN_COMMA = YES;
				CLANG_WARN_CONSTANT_CONVERSION = YES;
				CLANG_WARN_DEPRECATED_OBJC_IMPLEMENTATIONS = YES;
				CLANG_WARN_DIRECT_OBJC_ISA_USAGE = YES_ERROR;
				CLANG_WARN_DOCUMENTATION_COMMENTS = YES;
				CLANG_WARN_EMPTY_BODY = YES;
				CLANG_WARN_ENUM_CONVERSION = YES;
				CLANG_WARN_INFINITE_RECURSION = YES;
				CLANG_WARN_INT_CONVERSION = YES;
				CLANG_WARN_NON_LITERAL_NULL_CONVERSION = YES;
				CLANG_WARN_OBJC_IMPLICIT_RETAIN_SELF = YES;
				CLANG_WARN_OBJC_LITERAL_CONVERSION = YES;
				CLANG_WARN_OBJC_ROOT_CLASS = YES_ERROR;
				CLANG_WARN_RANGE_LOOP_ANALYSIS = YES;
				CLANG_WARN_STRICT_PROTOTYPES = YES;
				CLANG_WARN_SUSPICIOUS_MOVE = YES;
				CLANG_WARN_UNGUARDED_AVAILABILITY = YES_AGGRESSIVE;
				CLANG_WARN_UNREACHABLE_CODE = YES;
				CLANG_WARN__DUPLICATE_METHOD_MATCH = YES;
				CODE_SIGN_IDENTITY = "iPhone Developer";
				COPY_PHASE_STRIP = NO;
				DEBUG_INFORMATION_FORMAT = "dwarf-with-dsym";
				ENABLE_NS_ASSERTIONS = NO;
				ENABLE_STRICT_OBJC_MSGSEND = YES;
				GCC_C_LANGUAGE_STANDARD = gnu11;
				GCC_NO_COMMON_BLOCKS = YES;
				GCC_WARN_64_TO_32_BIT_CONVERSION = YES;
				GCC_WARN_ABOUT_RETURN_TYPE = YES_ERROR;
				GCC_WARN_UNDECLARED_SELECTOR = YES;
				GCC_WARN_UNINITIALIZED_AUTOS = YES_AGGRESSIVE;
				GCC_WARN_UNUSED_FUNCTION = YES;
				GCC_WARN_UNUSED_VARIABLE = YES;
				IPHONEOS_DEPLOYMENT_TARGET = 9.0;
				MTL_ENABLE_DEBUG_INFO = NO;
				MTL_FAST_MATH = YES;
				SDKROOT = iphoneos;
				VALIDATE_PRODUCT = YES;
			};
			name = Release;
		};
		42F30D2121F0939400C4E6E9 /* Debug */ = {
			isa = XCBuildConfiguration;
			baseConfigurationReference = DE45B8AB08300A4382E158F0 /* Pods-GIOEdemo.debug.xcconfig */;
			buildSettings = {
				ASSETCATALOG_COMPILER_APPICON_NAME = AppIcon;
				CODE_SIGN_ENTITLEMENTS = GIOEdemo/GIOEdemo.entitlements;
				CODE_SIGN_STYLE = Automatic;
				DEVELOPMENT_TEAM = SXBU677CPT;
				ENABLE_BITCODE = NO;
				FRAMEWORK_SEARCH_PATHS = (
					"$(inherited)",
					"$(PROJECT_DIR)/GIOEdemo",
					"$(PROJECT_DIR)/Pods/GrowingCoreKit",
					"$(PROJECT_DIR)/Pods/GrowingPushKit/GrowingPushKit",
				);
				HEADER_SEARCH_PATHS = (
					"$(inherited)/**",
					"\"${PODS_ROOT}/Headers/Public\"/**",
					"\"${PODS_ROOT}/Headers/Public/Growing\"/**",
				);
				INFOPLIST_FILE = GIOEdemo/Info.plist;
				IPHONEOS_DEPLOYMENT_TARGET = 8.0;
				LD_RUNPATH_SEARCH_PATHS = (
					"$(inherited)",
					"@executable_path/Frameworks",
				);
				OTHER_LDFLAGS = (
					"$(inherited)",
					"-ObjC",
					"-l\"icucore\"",
					"-l\"sqlite3\"",
					"-framework",
					"\"CoreLocation\"",
					"-framework",
					"\"CoreTelephony\"",
					"-framework",
					"\"GrowingAutoTrackKit\"",
					"-framework",
					"\"GrowingCoreKit\"",
					"-framework",
					"\"GrowingPushKit\"",
					"-framework",
					"\"GrowingTouchKit\"",
					"-framework",
					"\"JavaScriptCore\"",
					"-framework",
					"\"Security\"",
					"-framework",
					"\"SystemConfiguration\"",
				);
				PRODUCT_BUNDLE_IDENTIFIER = com.gio.growingiodemo;
				PRODUCT_NAME = "$(TARGET_NAME)";
				TARGETED_DEVICE_FAMILY = "1,2";
			};
			name = Debug;
		};
		42F30D2221F0939400C4E6E9 /* Release */ = {
			isa = XCBuildConfiguration;
			baseConfigurationReference = FCB92E0828E114881938B28D /* Pods-GIOEdemo.release.xcconfig */;
			buildSettings = {
				ASSETCATALOG_COMPILER_APPICON_NAME = AppIcon;
				CODE_SIGN_ENTITLEMENTS = GIOEdemo/GIOEdemo.entitlements;
				CODE_SIGN_STYLE = Automatic;
				DEVELOPMENT_TEAM = SXBU677CPT;
				ENABLE_BITCODE = NO;
				FRAMEWORK_SEARCH_PATHS = (
					"$(inherited)",
					"$(PROJECT_DIR)/GIOEdemo",
					"$(PROJECT_DIR)/Pods/GrowingCoreKit",
					"$(PROJECT_DIR)/Pods/GrowingPushKit/GrowingPushKit",
				);
				HEADER_SEARCH_PATHS = (
					"$(inherited)/**",
					"\"${PODS_ROOT}/Headers/Public\"/**",
					"\"${PODS_ROOT}/Headers/Public/Growing\"/**",
				);
				INFOPLIST_FILE = GIOEdemo/Info.plist;
				IPHONEOS_DEPLOYMENT_TARGET = 8.0;
				LD_RUNPATH_SEARCH_PATHS = (
					"$(inherited)",
					"@executable_path/Frameworks",
				);
				OTHER_LDFLAGS = (
					"$(inherited)",
					"-ObjC",
					"-l\"icucore\"",
					"-l\"sqlite3\"",
					"-framework",
					"\"CoreLocation\"",
					"-framework",
					"\"CoreTelephony\"",
					"-framework",
					"\"GrowingAutoTrackKit\"",
					"-framework",
					"\"GrowingCoreKit\"",
					"-framework",
					"\"GrowingPushKit\"",
					"-framework",
					"\"GrowingTouchKit\"",
					"-framework",
					"\"JavaScriptCore\"",
					"-framework",
					"\"Security\"",
					"-framework",
					"\"SystemConfiguration\"",
				);
				PRODUCT_BUNDLE_IDENTIFIER = com.gio.growingiodemo;
				PRODUCT_NAME = "$(TARGET_NAME)";
				TARGETED_DEVICE_FAMILY = "1,2";
			};
			name = Release;
		};
		42F30D2421F0939400C4E6E9 /* Debug */ = {
			isa = XCBuildConfiguration;
			buildSettings = {
				BUNDLE_LOADER = "$(TEST_HOST)";
				CODE_SIGN_STYLE = Automatic;
				DEVELOPMENT_TEAM = SXBU677CPT;
				INFOPLIST_FILE = GIOEdemoTests/Info.plist;
				LD_RUNPATH_SEARCH_PATHS = (
					"$(inherited)",
					"@executable_path/Frameworks",
					"@loader_path/Frameworks",
				);
				PRODUCT_BUNDLE_IDENTIFIER = com.min.GIOEdemoTests;
				PRODUCT_NAME = "$(TARGET_NAME)";
				TARGETED_DEVICE_FAMILY = "1,2";
				TEST_HOST = "$(BUILT_PRODUCTS_DIR)/GIOEdemo.app/GIOEdemo";
			};
			name = Debug;
		};
		42F30D2521F0939400C4E6E9 /* Release */ = {
			isa = XCBuildConfiguration;
			buildSettings = {
				BUNDLE_LOADER = "$(TEST_HOST)";
				CODE_SIGN_STYLE = Automatic;
				DEVELOPMENT_TEAM = SXBU677CPT;
				INFOPLIST_FILE = GIOEdemoTests/Info.plist;
				LD_RUNPATH_SEARCH_PATHS = (
					"$(inherited)",
					"@executable_path/Frameworks",
					"@loader_path/Frameworks",
				);
				PRODUCT_BUNDLE_IDENTIFIER = com.min.GIOEdemoTests;
				PRODUCT_NAME = "$(TARGET_NAME)";
				TARGETED_DEVICE_FAMILY = "1,2";
				TEST_HOST = "$(BUILT_PRODUCTS_DIR)/GIOEdemo.app/GIOEdemo";
			};
			name = Release;
		};
		42F30D2721F0939400C4E6E9 /* Debug */ = {
			isa = XCBuildConfiguration;
			buildSettings = {
				CODE_SIGN_STYLE = Automatic;
				DEVELOPMENT_TEAM = SXBU677CPT;
				INFOPLIST_FILE = GIOEdemoUITests/Info.plist;
				LD_RUNPATH_SEARCH_PATHS = (
					"$(inherited)",
					"@executable_path/Frameworks",
					"@loader_path/Frameworks",
				);
				PRODUCT_BUNDLE_IDENTIFIER = com.min.GIOEdemoUITests;
				PRODUCT_NAME = "$(TARGET_NAME)";
				TARGETED_DEVICE_FAMILY = "1,2";
				TEST_TARGET_NAME = GIOEdemo;
			};
			name = Debug;
		};
		42F30D2821F0939400C4E6E9 /* Release */ = {
			isa = XCBuildConfiguration;
			buildSettings = {
				CODE_SIGN_STYLE = Automatic;
				DEVELOPMENT_TEAM = SXBU677CPT;
				INFOPLIST_FILE = GIOEdemoUITests/Info.plist;
				LD_RUNPATH_SEARCH_PATHS = (
					"$(inherited)",
					"@executable_path/Frameworks",
					"@loader_path/Frameworks",
				);
				PRODUCT_BUNDLE_IDENTIFIER = com.min.GIOEdemoUITests;
				PRODUCT_NAME = "$(TARGET_NAME)";
				TARGETED_DEVICE_FAMILY = "1,2";
				TEST_TARGET_NAME = GIOEdemo;
			};
			name = Release;
		};
/* End XCBuildConfiguration section */

/* Begin XCConfigurationList section */
		4217510022B7B2DE000A16FE /* Build configuration list for PBXNativeTarget "GIOEdemoServiceExtension" */ = {
			isa = XCConfigurationList;
			buildConfigurations = (
				4217510122B7B2DE000A16FE /* Debug */,
				4217510222B7B2DE000A16FE /* Release */,
			);
			defaultConfigurationIsVisible = 0;
			defaultConfigurationName = Release;
		};
		42F30CEF21F0939300C4E6E9 /* Build configuration list for PBXProject "GIOEdemo" */ = {
			isa = XCConfigurationList;
			buildConfigurations = (
				42F30D1E21F0939400C4E6E9 /* Debug */,
				42F30D1F21F0939400C4E6E9 /* Release */,
			);
			defaultConfigurationIsVisible = 0;
			defaultConfigurationName = Release;
		};
		42F30D2021F0939400C4E6E9 /* Build configuration list for PBXNativeTarget "GIOEdemo" */ = {
			isa = XCConfigurationList;
			buildConfigurations = (
				42F30D2121F0939400C4E6E9 /* Debug */,
				42F30D2221F0939400C4E6E9 /* Release */,
			);
			defaultConfigurationIsVisible = 0;
			defaultConfigurationName = Release;
		};
		42F30D2321F0939400C4E6E9 /* Build configuration list for PBXNativeTarget "GIOEdemoTests" */ = {
			isa = XCConfigurationList;
			buildConfigurations = (
				42F30D2421F0939400C4E6E9 /* Debug */,
				42F30D2521F0939400C4E6E9 /* Release */,
			);
			defaultConfigurationIsVisible = 0;
			defaultConfigurationName = Release;
		};
		42F30D2621F0939400C4E6E9 /* Build configuration list for PBXNativeTarget "GIOEdemoUITests" */ = {
			isa = XCConfigurationList;
			buildConfigurations = (
				42F30D2721F0939400C4E6E9 /* Debug */,
				42F30D2821F0939400C4E6E9 /* Release */,
			);
			defaultConfigurationIsVisible = 0;
			defaultConfigurationName = Release;
		};
/* End XCConfigurationList section */
	};
	rootObject = 42F30CEC21F0939300C4E6E9 /* Project object */;
}
