PODS:
  - Growing (2.8.0)
  - GrowingAutoTrackKit (2.8.0):
    - GrowingCoreKit (~> 2.8.0)
  - GrowingCoreKit (2.8.0):
    - Growing (~> 2.8.0)
  - GrowingPushExtensionKit (0.3.0)
  - GrowingPushKit (0.3.0):
    - GrowingCoreKit (>= 2.8.0)
  - GrowingTouchKit (0.3.0):
    - GrowingAutoTrackKit (>= 2.8.0)
    - GrowingPushKit (>= 0.3.0)

DEPENDENCIES:
  - GrowingPushExtensionKit (~> 0.3.0)
  - GrowingTouchKit (~> 0.3.0)

SPEC REPOS:
  https://github.com/cocoapods/specs.git:
    - Growing
    - GrowingAutoTrackKit
    - GrowingCoreKit
    - GrowingPushExtensionKit
    - GrowingPushKit
    - GrowingTouchKit

SPEC CHECKSUMS:
  Growing: 6cae49b9d6452fc9fc2fa58923136701fc319509
  GrowingAutoTrackKit: a3e00aea2e26065fb6eda85a13cd4943ffebfb96
  GrowingCoreKit: 77da3221fa386d4e5cdbae642f4560fd16dafac1
  GrowingPushExtensionKit: bc0d7c6c735f32acb0fa71ca7e2582faff5b07d7
  GrowingPushKit: eb29a3a75c88789576192f99b269f3bb01bc7d3e
  GrowingTouchKit: ef59e5e2d8cb8442866ea25dbaa532ea47ad1ed3

PODFILE CHECKSUM: 33fbe4c947b78abce12551a7d54d2e1c60196f3b

COCOAPODS: 1.6.2
